
Microsoft Visual Studio Solution File, Format Version 12.00
# Visual Studio Version 16
VisualStudioVersion = 16.0.32126.315
MinimumVisualStudioVersion = 10.0.40219.1
Project("{9A19103F-16F7-4668-BE54-9A1E7A4F7556}") = "Assessment.Web", "Assessment.API\Assessment.Web.csproj", "{5F64C532-E24F-41AD-8FA5-2CE56C898F87}"
EndProject
Project("{9A19103F-16F7-4668-BE54-9A1E7A4F7556}") = "Assessment.Core", "Assessment.Core\Assessment.Core.csproj", "{016F21C4-4369-4644-AE2F-2166E39F6DD8}"
EndProject
Project("{9A19103F-16F7-4668-BE54-9A1E7A4F7556}") = "Assessment.Infrastructure", "Assessment.Infrastructure\Assessment.Infrastructure.csproj", "{FF3759AF-F74E-4575-AB68-715E8061DB0D}"
EndProject
Project("{FAE04EC0-301F-11D3-BF4B-00C04F79EFBC}") = "Assessment.Application", "Assessment.Application\Assessment.Application.csproj", "{08F8BF4B-1021-4136-B9E4-E78137C95F26}"
EndProject
Global
	GlobalSection(SolutionConfigurationPlatforms) = preSolution
		Debug|Any CPU = Debug|Any CPU
		Release|Any CPU = Release|Any CPU
	EndGlobalSection
	GlobalSection(ProjectConfigurationPlatforms) = postSolution
		{5F64C532-E24F-41AD-8FA5-2CE56C898F87}.Debug|Any CPU.ActiveCfg = Debug|Any CPU
		{5F64C532-E24F-41AD-8FA5-2CE56C898F87}.Debug|Any CPU.Build.0 = Debug|Any CPU
		{5F64C532-E24F-41AD-8FA5-2CE56C898F87}.Release|Any CPU.ActiveCfg = Release|Any CPU
		{5F64C532-E24F-41AD-8FA5-2CE56C898F87}.Release|Any CPU.Build.0 = Release|Any CPU
		{016F21C4-4369-4644-AE2F-2166E39F6DD8}.Debug|Any CPU.ActiveCfg = Debug|Any CPU
		{016F21C4-4369-4644-AE2F-2166E39F6DD8}.Debug|Any CPU.Build.0 = Debug|Any CPU
		{016F21C4-4369-4644-AE2F-2166E39F6DD8}.Release|Any CPU.ActiveCfg = Release|Any CPU
		{016F21C4-4369-4644-AE2F-2166E39F6DD8}.Release|Any CPU.Build.0 = Release|Any CPU
		{FF3759AF-F74E-4575-AB68-715E8061DB0D}.Debug|Any CPU.ActiveCfg = Debug|Any CPU
		{FF3759AF-F74E-4575-AB68-715E8061DB0D}.Debug|Any CPU.Build.0 = Debug|Any CPU
		{FF3759AF-F74E-4575-AB68-715E8061DB0D}.Release|Any CPU.ActiveCfg = Release|Any CPU
		{FF3759AF-F74E-4575-AB68-715E8061DB0D}.Release|Any CPU.Build.0 = Release|Any CPU
		{08F8BF4B-1021-4136-B9E4-E78137C95F26}.Debug|Any CPU.ActiveCfg = Debug|Any CPU
		{08F8BF4B-1021-4136-B9E4-E78137C95F26}.Debug|Any CPU.Build.0 = Debug|Any CPU
		{08F8BF4B-1021-4136-B9E4-E78137C95F26}.Release|Any CPU.ActiveCfg = Release|Any CPU
		{08F8BF4B-1021-4136-B9E4-E78137C95F26}.Release|Any CPU.Build.0 = Release|Any CPU
	EndGlobalSection
	GlobalSection(SolutionProperties) = preSolution
		HideSolutionNode = FALSE
	EndGlobalSection
	GlobalSection(ExtensibilityGlobals) = postSolution
		SolutionGuid = {0D02C37F-4067-4CD4-AD3A-33611E73FE74}
	EndGlobalSection
EndGlobal
